// !$*UTF8*$!
{
	archiveVersion = 1;
	classes = {
	};
	objectVersion = 56;
	objects = {

/* Begin PBXBuildFile section */
		A100000001 /* ZebraRedactApp.swift in Sources */ = {isa = PBXBuildFile; fileRef = B100000001 /* ZebraRedactApp.swift */; };
		A100000002 /* AppDelegate.swift in Sources */ = {isa = PBXBuildFile; fileRef = B100000002 /* AppDelegate.swift */; };
		A100000003 /* OverlayPanel.swift in Sources */ = {isa = PBXBuildFile; fileRef = B100000003 /* OverlayPanel.swift */; };
		A100000004 /* OnboardingView.swift in Sources */ = {isa = PBXBuildFile; fileRef = B100000004 /* OnboardingView.swift */; };
		A100000005 /* OverlayEditorView.swift in Sources */ = {isa = PBXBuildFile; fileRef = B100000005 /* OverlayEditorView.swift */; };
		A100000006 /* GhostScoreBadge.swift in Sources */ = {isa = PBXBuildFile; fileRef = B100000006 /* GhostScoreBadge.swift */; };
		A100000007 /* SettingsView.swift in Sources */ = {isa = PBXBuildFile; fileRef = B100000007 /* SettingsView.swift */; };
		A100000008 /* ModelManagementView.swift in Sources */ = {isa = PBXBuildFile; fileRef = B100000008 /* ModelManagementView.swift */; };
		A100000009 /* VaultView.swift in Sources */ = {isa = PBXBuildFile; fileRef = B100000009 /* VaultView.swift */; };
		A10000000A /* PIIItem.swift in Sources */ = {isa = PBXBuildFile; fileRef = B10000000A /* PIIItem.swift */; };
		A10000000B /* MLXModelInfo.swift in Sources */ = {isa = PBXBuildFile; fileRef = B10000000B /* MLXModelInfo.swift */; };
		A10000000C /* RegexDetector.swift in Sources */ = {isa = PBXBuildFile; fileRef = B10000000C /* RegexDetector.swift */; };
		A10000000D /* PIIDetector.swift in Sources */ = {isa = PBXBuildFile; fileRef = B10000000D /* PIIDetector.swift */; };
		A10000000E /* ModelManager.swift in Sources */ = {isa = PBXBuildFile; fileRef = B10000000E /* ModelManager.swift */; };
		A10000000F /* VaultManager.swift in Sources */ = {isa = PBXBuildFile; fileRef = B10000000F /* VaultManager.swift */; };
		A100000010 /* HotkeyManager.swift in Sources */ = {isa = PBXBuildFile; fileRef = B100000010 /* HotkeyManager.swift */; };
		A100000011 /* ClipboardManager.swift in Sources */ = {isa = PBXBuildFile; fileRef = B100000011 /* ClipboardManager.swift */; };
		A100000012 /* Constants.swift in Sources */ = {isa = PBXBuildFile; fileRef = B100000012 /* Constants.swift */; };
		A100000013 /* Theme.swift in Sources */ = {isa = PBXBuildFile; fileRef = B100000013 /* Theme.swift */; };
		A100000014 /* Assets.xcassets in Resources */ = {isa = PBXBuildFile; fileRef = B100000014 /* Assets.xcassets */; };
		A100000015 /* PrivacyInfo.xcprivacy in Resources */ = {isa = PBXBuildFile; fileRef = B100000015 /* PrivacyInfo.xcprivacy */; };
		A100000016 /* HighlightedTextView.swift in Sources */ = {isa = PBXBuildFile; fileRef = B100000018 /* HighlightedTextView.swift */; };
		A100000017 /* GhostMappingStore.swift in Sources */ = {isa = PBXBuildFile; fileRef = B100000019 /* GhostMappingStore.swift */; };
		A100000018 /* MainWindow.swift in Sources */ = {isa = PBXBuildFile; fileRef = EADA2B152F43B6F800AD681A /* MainWindow.swift */; };
		A100000019 /* ClickableTokenTextView.swift in Sources */ = {isa = PBXBuildFile; fileRef = EADA2B142F43B6F800AD681A /* ClickableTokenTextView.swift */; };
		A10000001A /* AlternativesSheet.swift in Sources */ = {isa = PBXBuildFile; fileRef = EADA2B132F43B6F800AD681A /* AlternativesSheet.swift */; };
		A10000001B /* DesignSystem.swift in Sources */ = {isa = PBXBuildFile; fileRef = EADA2B162F43B70700AD681A /* DesignSystem.swift */; };
		A10000001C /* ConfidenceAssessment.swift in Sources */ = {isa = PBXBuildFile; fileRef = EADA2B172F43B71800AD681A /* ConfidenceAssessment.swift */; };
		A10000001D /* NLTaggerDetector.swift in Sources */ = {isa = PBXBuildFile; fileRef = B10000001F /* NLTaggerDetector.swift */; };
		EA2E793F2F45E75A0044850B /* RedactionMode.swift in Sources */ = {isa = PBXBuildFile; fileRef = EA2E793E2F45E75A0044850B /* RedactionMode.swift */; };
		EA2E79422F45E7770044850B /* SemanticAnalyzer.swift in Sources */ = {isa = PBXBuildFile; fileRef = EA2E79412F45E7770044850B /* SemanticAnalyzer.swift */; };
		EA2E79432F45E7770044850B /* MLXContextEngine.swift in Sources */ = {isa = PBXBuildFile; fileRef = EA2E79402F45E7770044850B /* MLXContextEngine.swift */; };
		EA2E79452F45E7780044850B /* FoundationModelEngine.swift in Sources */ = {isa = PBXBuildFile; fileRef = EA2E79442F45E7780044850B /* FoundationModelEngine.swift */; };
		EA2E79462F45E7820044850B /* OllamaEngine.swift in Sources */ = {isa = PBXBuildFile; fileRef = EA2E79472F45E7820044850B /* OllamaEngine.swift */; };
		EA2E79482F45E7830044850B /* LLMAwareSetupSheet.swift in Sources */ = {isa = PBXBuildFile; fileRef = EA2E79492F45E7830044850B /* LLMAwareSetupSheet.swift */; };
		EB00000021 /* SemanticRedactorAPI.swift in Sources */ = {isa = PBXBuildFile; fileRef = EB00000011 /* SemanticRedactorAPI.swift */; };
		EB00000022 /* RedactionConfig.swift in Sources */ = {isa = PBXBuildFile; fileRef = EB00000012 /* RedactionConfig.swift */; };
		EB00000023 /* LocalLLMClient.swift in Sources */ = {isa = PBXBuildFile; fileRef = EB00000013 /* LocalLLMClient.swift */; };
		EB00000024 /* PatternDetector.swift in Sources */ = {isa = PBXBuildFile; fileRef = EB00000014 /* PatternDetector.swift */; };
		EB00000025 /* SemanticSynthesizer.swift in Sources */ = {isa = PBXBuildFile; fileRef = EB00000015 /* SemanticSynthesizer.swift */; };
		EB00000026 /* SufficiencyScorer.swift in Sources */ = {isa = PBXBuildFile; fileRef = EB00000016 /* SufficiencyScorer.swift */; };
		EB00000027 /* SemanticRedactorImpl.swift in Sources */ = {isa = PBXBuildFile; fileRef = EB00000017 /* SemanticRedactorImpl.swift */; };
		EB00000028 /* SemanticRedactorBridge.swift in Sources */ = {isa = PBXBuildFile; fileRef = EB00000018 /* SemanticRedactorBridge.swift */; };
/* End PBXBuildFile section */

/* Begin PBXFileReference section */
		B100000001 /* ZebraRedactApp.swift */ = {isa = PBXFileReference; lastKnownFileType = sourcecode.swift; path = ZebraRedactApp.swift; sourceTree = "<group>"; };
		B100000002 /* AppDelegate.swift */ = {isa = PBXFileReference; lastKnownFileType = sourcecode.swift; path = AppDelegate.swift; sourceTree = "<group>"; };
		B100000003 /* OverlayPanel.swift */ = {isa = PBXFileReference; lastKnownFileType = sourcecode.swift; path = OverlayPanel.swift; sourceTree = "<group>"; };
		B100000004 /* OnboardingView.swift */ = {isa = PBXFileReference; lastKnownFileType = sourcecode.swift; path = OnboardingView.swift; sourceTree = "<group>"; };
		B100000005 /* OverlayEditorView.swift */ = {isa = PBXFileReference; lastKnownFileType = sourcecode.swift; path = OverlayEditorView.swift; sourceTree = "<group>"; };
		B100000006 /* GhostScoreBadge.swift */ = {isa = PBXFileReference; lastKnownFileType = sourcecode.swift; path = GhostScoreBadge.swift; sourceTree = "<group>"; };
		B100000007 /* SettingsView.swift */ = {isa = PBXFileReference; lastKnownFileType = sourcecode.swift; path = SettingsView.swift; sourceTree = "<group>"; };
		B100000008 /* ModelManagementView.swift */ = {isa = PBXFileReference; lastKnownFileType = sourcecode.swift; path = ModelManagementView.swift; sourceTree = "<group>"; };
		B100000009 /* VaultView.swift */ = {isa = PBXFileReference; lastKnownFileType = sourcecode.swift; path = VaultView.swift; sourceTree = "<group>"; };
		B10000000A /* PIIItem.swift */ = {isa = PBXFileReference; lastKnownFileType = sourcecode.swift; path = PIIItem.swift; sourceTree = "<group>"; };
		B10000000B /* MLXModelInfo.swift */ = {isa = PBXFileReference; lastKnownFileType = sourcecode.swift; path = MLXModelInfo.swift; sourceTree = "<group>"; };
		B10000000C /* RegexDetector.swift */ = {isa = PBXFileReference; lastKnownFileType = sourcecode.swift; path = RegexDetector.swift; sourceTree = "<group>"; };
		B10000000D /* PIIDetector.swift */ = {isa = PBXFileReference; lastKnownFileType = sourcecode.swift; path = PIIDetector.swift; sourceTree = "<group>"; };
		B10000000E /* ModelManager.swift */ = {isa = PBXFileReference; lastKnownFileType = sourcecode.swift; path = ModelManager.swift; sourceTree = "<group>"; };
		B10000000F /* VaultManager.swift */ = {isa = PBXFileReference; lastKnownFileType = sourcecode.swift; path = VaultManager.swift; sourceTree = "<group>"; };
		B100000010 /* HotkeyManager.swift */ = {isa = PBXFileReference; lastKnownFileType = sourcecode.swift; path = HotkeyManager.swift; sourceTree = "<group>"; };
		B100000011 /* ClipboardManager.swift */ = {isa = PBXFileReference; lastKnownFileType = sourcecode.swift; path = ClipboardManager.swift; sourceTree = "<group>"; };
		B100000012 /* Constants.swift */ = {isa = PBXFileReference; lastKnownFileType = sourcecode.swift; path = Constants.swift; sourceTree = "<group>"; };
		B100000013 /* Theme.swift */ = {isa = PBXFileReference; lastKnownFileType = sourcecode.swift; path = Theme.swift; sourceTree = "<group>"; };
		B100000014 /* Assets.xcassets */ = {isa = PBXFileReference; lastKnownFileType = folder.assetcatalog; path = Assets.xcassets; sourceTree = "<group>"; };
		B100000015 /* PrivacyInfo.xcprivacy */ = {isa = PBXFileReference; lastKnownFileType = text.xml; path = PrivacyInfo.xcprivacy; sourceTree = "<group>"; };
		B100000016 /* ZebraRedact.entitlements */ = {isa = PBXFileReference; lastKnownFileType = text.plist.entitlements; path = ZebraRedact.entitlements; sourceTree = "<group>"; };
		B100000017 /* Info.plist */ = {isa = PBXFileReference; lastKnownFileType = text.plist.xml; path = Info.plist; sourceTree = "<group>"; };
		B100000018 /* HighlightedTextView.swift */ = {isa = PBXFileReference; lastKnownFileType = sourcecode.swift; path = HighlightedTextView.swift; sourceTree = "<group>"; };
		B100000019 /* GhostMappingStore.swift */ = {isa = PBXFileReference; lastKnownFileType = sourcecode.swift; path = GhostMappingStore.swift; sourceTree = "<group>"; };
		B10000001F /* NLTaggerDetector.swift */ = {isa = PBXFileReference; lastKnownFileType = sourcecode.swift; path = NLTaggerDetector.swift; sourceTree = "<group>"; };
		C100000001 /* ZebraRedact.app */ = {isa = PBXFileReference; explicitFileType = wrapper.application; includeInIndex = 0; path = ZebraRedact.app; sourceTree = BUILT_PRODUCTS_DIR; };
		EA2E793E2F45E75A0044850B /* RedactionMode.swift */ = {isa = PBXFileReference; lastKnownFileType = sourcecode.swift; path = RedactionMode.swift; sourceTree = "<group>"; };
		EA2E79402F45E7770044850B /* MLXContextEngine.swift */ = {isa = PBXFileReference; lastKnownFileType = sourcecode.swift; path = MLXContextEngine.swift; sourceTree = "<group>"; };
		EA2E79412F45E7770044850B /* SemanticAnalyzer.swift */ = {isa = PBXFileReference; lastKnownFileType = sourcecode.swift; path = SemanticAnalyzer.swift; sourceTree = "<group>"; };
		EADA2B132F43B6F800AD681A /* AlternativesSheet.swift */ = {isa = PBXFileReference; lastKnownFileType = sourcecode.swift; path = AlternativesSheet.swift; sourceTree = "<group>"; };
		EADA2B142F43B6F800AD681A /* ClickableTokenTextView.swift */ = {isa = PBXFileReference; lastKnownFileType = sourcecode.swift; path = ClickableTokenTextView.swift; sourceTree = "<group>"; };
		EADA2B152F43B6F800AD681A /* MainWindow.swift */ = {isa = PBXFileReference; lastKnownFileType = sourcecode.swift; path = MainWindow.swift; sourceTree = "<group>"; };
		EADA2B162F43B70700AD681A /* DesignSystem.swift */ = {isa = PBXFileReference; lastKnownFileType = sourcecode.swift; path = DesignSystem.swift; sourceTree = "<group>"; };
		EADA2B172F43B71800AD681A /* ConfidenceAssessment.swift */ = {isa = PBXFileReference; lastKnownFileType = sourcecode.swift; path = ConfidenceAssessment.swift; sourceTree = "<group>"; };
		EA2E79442F45E7780044850B /* FoundationModelEngine.swift */ = {isa = PBXFileReference; lastKnownFileType = sourcecode.swift; path = FoundationModelEngine.swift; sourceTree = "<group>"; };
		EA2E79472F45E7820044850B /* OllamaEngine.swift */ = {isa = PBXFileReference; lastKnownFileType = sourcecode.swift; path = OllamaEngine.swift; sourceTree = "<group>"; };
		EA2E79492F45E7830044850B /* LLMAwareSetupSheet.swift */ = {isa = PBXFileReference; lastKnownFileType = sourcecode.swift; path = LLMAwareSetupSheet.swift; sourceTree = "<group>"; };
		EB00000011 /* SemanticRedactorAPI.swift */ = {isa = PBXFileReference; lastKnownFileType = sourcecode.swift; path = SemanticRedactorAPI.swift; sourceTree = "<group>"; };
		EB00000012 /* RedactionConfig.swift */ = {isa = PBXFileReference; lastKnownFileType = sourcecode.swift; path = RedactionConfig.swift; sourceTree = "<group>"; };
		EB00000013 /* LocalLLMClient.swift */ = {isa = PBXFileReference; lastKnownFileType = sourcecode.swift; path = LocalLLMClient.swift; sourceTree = "<group>"; };
		EB00000014 /* PatternDetector.swift */ = {isa = PBXFileReference; lastKnownFileType = sourcecode.swift; path = PatternDetector.swift; sourceTree = "<group>"; };
		EB00000015 /* SemanticSynthesizer.swift */ = {isa = PBXFileReference; lastKnownFileType = sourcecode.swift; path = SemanticSynthesizer.swift; sourceTree = "<group>"; };
		EB00000016 /* SufficiencyScorer.swift */ = {isa = PBXFileReference; lastKnownFileType = sourcecode.swift; path = SufficiencyScorer.swift; sourceTree = "<group>"; };
		EB00000017 /* SemanticRedactorImpl.swift */ = {isa = PBXFileReference; lastKnownFileType = sourcecode.swift; path = SemanticRedactorImpl.swift; sourceTree = "<group>"; };
		EB00000018 /* SemanticRedactorBridge.swift */ = {isa = PBXFileReference; lastKnownFileType = sourcecode.swift; path = SemanticRedactorBridge.swift; sourceTree = "<group>"; };
/* End PBXFileReference section */

/* Begin PBXFrameworksBuildPhase section */
		D100000001 /* Frameworks */ = {
			isa = PBXFrameworksBuildPhase;
			buildActionMask = 2147483647;
			files = (
			);
			runOnlyForDeploymentPostprocessing = 0;
		};
/* End PBXFrameworksBuildPhase section */

/* Begin PBXGroup section */
		E100000001 = {
			isa = PBXGroup;
			children = (
				EA2E79402F45E7770044850B /* MLXContextEngine.swift */,
				EA2E79412F45E7770044850B /* SemanticAnalyzer.swift */,
				EA2E793E2F45E75A0044850B /* RedactionMode.swift */,
				EADA2B132F43B6F800AD681A /* AlternativesSheet.swift */,
				EADA2B142F43B6F800AD681A /* ClickableTokenTextView.swift */,
				EADA2B152F43B6F800AD681A /* MainWindow.swift */,
				EADA2B162F43B70700AD681A /* DesignSystem.swift */,
				EADA2B172F43B71800AD681A /* ConfidenceAssessment.swift */,
				EA2E79442F45E7780044850B /* FoundationModelEngine.swift */,
				EA2E79472F45E7820044850B /* OllamaEngine.swift */,
				EA2E79492F45E7830044850B /* LLMAwareSetupSheet.swift */,
				E100000002 /* ZebraRedact */,
				E100000010 /* Products */,
				EA2E793D2F45E7000044850B /* Recovered References */,
			);
			sourceTree = "<group>";
		};
		E100000002 /* ZebraRedact */ = {
			isa = PBXGroup;
			children = (
				E100000003 /* App */,
				E100000004 /* Views */,
				E100000008 /* Models */,
				E100000009 /* Services */,
				EB000000G1 /* Semantic */,
				E10000000A /* Utilities */,
				E10000000B /* Resources */,
				B100000016 /* ZebraRedact.entitlements */,
				B100000017 /* Info.plist */,
			);
			path = ZebraRedact;
			sourceTree = "<group>";
		};
		EB000000G1 /* Semantic */ = {
			isa = PBXGroup;
			children = (
				EB00000011 /* SemanticRedactorAPI.swift */,
				EB00000012 /* RedactionConfig.swift */,
				EB00000013 /* LocalLLMClient.swift */,
				EB00000014 /* PatternDetector.swift */,
				EB00000015 /* SemanticSynthesizer.swift */,
				EB00000016 /* SufficiencyScorer.swift */,
				EB00000017 /* SemanticRedactorImpl.swift */,
				EB00000018 /* SemanticRedactorBridge.swift */,
			);
			path = Semantic;
			sourceTree = "<group>";
		};
		E100000003 /* App */ = {
			isa = PBXGroup;
			children = (
				B100000001 /* ZebraRedactApp.swift */,
				B100000002 /* AppDelegate.swift */,
				B100000003 /* OverlayPanel.swift */,
			);
			path = App;
			sourceTree = "<group>";
		};
		E100000004 /* Views */ = {
			isa = PBXGroup;
			children = (
				E100000005 /* Onboarding */,
				E100000006 /* Editor */,
				E100000007 /* Settings */,
			);
			path = Views;
			sourceTree = "<group>";
		};
		E100000005 /* Onboarding */ = {
			isa = PBXGroup;
			children = (
				B100000004 /* OnboardingView.swift */,
			);
			path = Onboarding;
			sourceTree = "<group>";
		};
		E100000006 /* Editor */ = {
			isa = PBXGroup;
			children = (
				B100000005 /* OverlayEditorView.swift */,
				B100000006 /* GhostScoreBadge.swift */,
				B100000018 /* HighlightedTextView.swift */,
			);
			path = Editor;
			sourceTree = "<group>";
		};
		E100000007 /* Settings */ = {
			isa = PBXGroup;
			children = (
				B100000007 /* SettingsView.swift */,
				B100000008 /* ModelManagementView.swift */,
				B100000009 /* VaultView.swift */,
			);
			path = Settings;
			sourceTree = "<group>";
		};
		E100000008 /* Models */ = {
			isa = PBXGroup;
			children = (
				B10000000A /* PIIItem.swift */,
				B10000000B /* MLXModelInfo.swift */,
			);
			path = Models;
			sourceTree = "<group>";
		};
		E100000009 /* Services */ = {
			isa = PBXGroup;
			children = (
				B10000000C /* RegexDetector.swift */,
				B10000001F /* NLTaggerDetector.swift */,
				B10000000D /* PIIDetector.swift */,
				B10000000E /* ModelManager.swift */,
				B10000000F /* VaultManager.swift */,
				B100000010 /* HotkeyManager.swift */,
				B100000011 /* ClipboardManager.swift */,
				B100000019 /* GhostMappingStore.swift */,
			);
			path = Services;
			sourceTree = "<group>";
		};
		E10000000A /* Utilities */ = {
			isa = PBXGroup;
			children = (
				B100000012 /* Constants.swift */,
				B100000013 /* Theme.swift */,
			);
			path = Utilities;
			sourceTree = "<group>";
		};
		E10000000B /* Resources */ = {
			isa = PBXGroup;
			children = (
				B100000014 /* Assets.xcassets */,
				B100000015 /* PrivacyInfo.xcprivacy */,
			);
			path = Resources;
			sourceTree = "<group>";
		};
		E100000010 /* Products */ = {
			isa = PBXGroup;
			children = (
				C100000001 /* ZebraRedact.app */,
			);
			name = Products;
			sourceTree = "<group>";
		};
		EA2E793D2F45E7000044850B /* Recovered References */ = {
			isa = PBXGroup;
			children = (
			);
			name = "Recovered References";
			sourceTree = "<group>";
		};
/* End PBXGroup section */

/* Begin PBXNativeTarget section */
		F100000001 /* ZebraRedact */ = {
			isa = PBXNativeTarget;
			buildConfigurationList = G100000002 /* Build configuration list for PBXNativeTarget "ZebraRedact" */;
			buildPhases = (
				F100000002 /* Sources */,
				D100000001 /* Frameworks */,
				F100000003 /* Resources */,
			);
			buildRules = (
			);
			dependencies = (
			);
			name = ZebraRedact;
			productName = ZebraRedact;
			productReference = C100000001 /* ZebraRedact.app */;
			productType = "com.apple.product-type.application";
		};
/* End PBXNativeTarget section */

/* Begin PBXProject section */
		F100000010 /* Project object */ = {
			isa = PBXProject;
			attributes = {
				BuildIndependentTargetsInParallel = 1;
				LastSwiftUpdateCheck = 1600;
				LastUpgradeCheck = 1600;
				TargetAttributes = {
					F100000001 = {
						CreatedOnToolsVersion = 16.0;
					};
				};
			};
			buildConfigurationList = G100000001 /* Build configuration list for PBXProject "ZebraRedact" */;
			compatibilityVersion = "Xcode 14.0";
			developmentRegion = en;
			hasScannedForEncodings = 0;
			knownRegions = (
				en,
				Base,
			);
			mainGroup = E100000001;
			productRefGroup = E100000010 /* Products */;
			projectDirPath = "";
			projectRoot = "";
			targets = (
				F100000001 /* ZebraRedact */,
			);
		};
/* End PBXProject section */

/* Begin PBXResourcesBuildPhase section */
		F100000003 /* Resources */ = {
			isa = PBXResourcesBuildPhase;
			buildActionMask = 2147483647;
			files = (
				A100000014 /* Assets.xcassets in Resources */,
				A100000015 /* PrivacyInfo.xcprivacy in Resources */,
			);
			runOnlyForDeploymentPostprocessing = 0;
		};
/* End PBXResourcesBuildPhase section */

/* Begin PBXSourcesBuildPhase section */
		F100000002 /* Sources */ = {
			isa = PBXSourcesBuildPhase;
			buildActionMask = 2147483647;
			files = (
				A100000001 /* ZebraRedactApp.swift in Sources */,
				A100000002 /* AppDelegate.swift in Sources */,
				A100000003 /* OverlayPanel.swift in Sources */,
				A100000004 /* OnboardingView.swift in Sources */,
				A100000005 /* OverlayEditorView.swift in Sources */,
				A100000006 /* GhostScoreBadge.swift in Sources */,
				A100000007 /* SettingsView.swift in Sources */,
				A100000008 /* ModelManagementView.swift in Sources */,
				A100000009 /* VaultView.swift in Sources */,
				A10000000A /* PIIItem.swift in Sources */,
				A10000000B /* MLXModelInfo.swift in Sources */,
				A10000000C /* RegexDetector.swift in Sources */,
				EA2E793F2F45E75A0044850B /* RedactionMode.swift in Sources */,
				A10000000D /* PIIDetector.swift in Sources */,
				A10000000E /* ModelManager.swift in Sources */,
				A10000000F /* VaultManager.swift in Sources */,
				A100000010 /* HotkeyManager.swift in Sources */,
				A100000011 /* ClipboardManager.swift in Sources */,
				A100000012 /* Constants.swift in Sources */,
				A100000013 /* Theme.swift in Sources */,
				A100000016 /* HighlightedTextView.swift in Sources */,
				A100000017 /* GhostMappingStore.swift in Sources */,
				A100000018 /* MainWindow.swift in Sources */,
				EA2E79422F45E7770044850B /* SemanticAnalyzer.swift in Sources */,
				EA2E79432F45E7770044850B /* MLXContextEngine.swift in Sources */,
				A100000019 /* ClickableTokenTextView.swift in Sources */,
				A10000001A /* AlternativesSheet.swift in Sources */,
				A10000001B /* DesignSystem.swift in Sources */,
				A10000001C /* ConfidenceAssessment.swift in Sources */,
				A10000001D /* NLTaggerDetector.swift in Sources */,
				EA2E79452F45E7780044850B /* FoundationModelEngine.swift in Sources */,
				EA2E79462F45E7820044850B /* OllamaEngine.swift in Sources */,
				EA2E79482F45E7830044850B /* LLMAwareSetupSheet.swift in Sources */,
				EB00000021 /* SemanticRedactorAPI.swift in Sources */,
				EB00000022 /* RedactionConfig.swift in Sources */,
				EB00000023 /* LocalLLMClient.swift in Sources */,
				EB00000024 /* PatternDetector.swift in Sources */,
				EB00000025 /* SemanticSynthesizer.swift in Sources */,
				EB00000026 /* SufficiencyScorer.swift in Sources */,
				EB00000027 /* SemanticRedactorImpl.swift in Sources */,
				EB00000028 /* SemanticRedactorBridge.swift in Sources */,
			);
			runOnlyForDeploymentPostprocessing = 0;
		};
/* End PBXSourcesBuildPhase section */

/* Begin XCBuildConfiguration section */
		H100000001 /* Debug */ = {
			isa = XCBuildConfiguration;
			buildSettings = {
				ALWAYS_SEARCH_USER_PATHS = NO;
				ASSETCATALOG_COMPILER_GENERATE_SWIFT_ASSET_SYMBOL_EXTENSIONS = YES;
				CLANG_ANALYZER_NONNULL = YES;
				CLANG_ANALYZER_NUMBER_OBJECT_CONVERSION = YES_AGGRESSIVE;
				CLANG_CXX_LANGUAGE_STANDARD = "gnu++20";
				CLANG_ENABLE_MODULES = YES;
				CLANG_ENABLE_OBJC_ARC = YES;
				CLANG_ENABLE_OBJC_WEAK = YES;
				CLANG_WARN_BLOCK_CAPTURE_AUTORELEASING = YES;
				CLANG_WARN_BOOL_CONVERSION = YES;
				CLANG_WARN_COMMA = YES;
				CLANG_WARN_CONSTANT_CONVERSION = YES;
				CLANG_WARN_DEPRECATED_OBJC_IMPLEMENTATIONS = YES;
				CLANG_WARN_DIRECT_OBJC_ISA_USAGE = YES_ERROR;
				CLANG_WARN_DOCUMENTATION_COMMENTS = YES;
				CLANG_WARN_EMPTY_BODY = YES;
				CLANG_WARN_ENUM_CONVERSION = YES;
				CLANG_WARN_INFINITE_RECURSION = YES;
				CLANG_WARN_INT_CONVERSION = YES;
				CLANG_WARN_NON_LITERAL_NULL_CONVERSION = YES;
				CLANG_WARN_OBJC_IMPLICIT_RETAIN_SELF = YES;
				CLANG_WARN_OBJC_LITERAL_CONVERSION = YES;
				CLANG_WARN_OBJC_ROOT_CLASS = YES_ERROR;
				CLANG_WARN_QUOTED_INCLUDE_IN_FRAMEWORK_HEADER = YES;
				CLANG_WARN_RANGE_LOOP_ANALYSIS = YES;
				CLANG_WARN_STRICT_PROTOTYPES = YES;
				CLANG_WARN_SUSPICIOUS_MOVE = YES;
				CLANG_WARN_UNGUARDED_AVAILABILITY = YES_AGGRESSIVE;
				CLANG_WARN_UNREACHABLE_CODE = YES;
				CLANG_WARN__DUPLICATE_METHOD_MATCH = YES;
				COPY_PHASE_STRIP = NO;
				DEBUG_INFORMATION_FORMAT = dwarf;
				ENABLE_STRICT_OBJC_MSGSEND = YES;
				ENABLE_TESTABILITY = YES;
				ENABLE_USER_SCRIPT_SANDBOXING = YES;
				GCC_C_LANGUAGE_STANDARD = gnu17;
				GCC_DYNAMIC_NO_PIC = NO;
				GCC_NO_COMMON_BLOCKS = YES;
				GCC_OPTIMIZATION_LEVEL = 0;
				GCC_PREPROCESSOR_DEFINITIONS = (
					"DEBUG=1",
					"$(inherited)",
				);
				GCC_WARN_64_TO_32_BIT_CONVERSION = YES;
				GCC_WARN_ABOUT_RETURN_TYPE = YES_ERROR;
				GCC_WARN_UNDECLARED_SELECTOR = YES;
				GCC_WARN_UNINITIALIZED_AUTOS = YES_AGGRESSIVE;
				GCC_WARN_UNUSED_FUNCTION = YES;
				GCC_WARN_UNUSED_VARIABLE = YES;
				MACOSX_DEPLOYMENT_TARGET = 15.0;
				MTL_ENABLE_DEBUG_INFO = INCLUDE_SOURCE;
				MTL_FAST_MATH = YES;
				ONLY_ACTIVE_ARCH = YES;
				SDKROOT = macosx;
				SWIFT_ACTIVE_COMPILATION_CONDITIONS = "DEBUG $(inherited)";
				SWIFT_OPTIMIZATION_LEVEL = "-Onone";
			};
			name = Debug;
		};
		H100000002 /* Release */ = {
			isa = XCBuildConfiguration;
			buildSettings = {
				ALWAYS_SEARCH_USER_PATHS = NO;
				ASSETCATALOG_COMPILER_GENERATE_SWIFT_ASSET_SYMBOL_EXTENSIONS = YES;
				CLANG_ANALYZER_NONNULL = YES;
				CLANG_ANALYZER_NUMBER_OBJECT_CONVERSION = YES_AGGRESSIVE;
				CLANG_CXX_LANGUAGE_STANDARD = "gnu++20";
				CLANG_ENABLE_MODULES = YES;
				CLANG_ENABLE_OBJC_ARC = YES;
				CLANG_ENABLE_OBJC_WEAK = YES;
				CLANG_WARN_BLOCK_CAPTURE_AUTORELEASING = YES;
				CLANG_WARN_BOOL_CONVERSION = YES;
				CLANG_WARN_COMMA = YES;
				CLANG_WARN_CONSTANT_CONVERSION = YES;
				CLANG_WARN_DEPRECATED_OBJC_IMPLEMENTATIONS = YES;
				CLANG_WARN_DIRECT_OBJC_ISA_USAGE = YES_ERROR;
				CLANG_WARN_DOCUMENTATION_COMMENTS = YES;
				CLANG_WARN_EMPTY_BODY = YES;
				CLANG_WARN_ENUM_CONVERSION = YES;
				CLANG_WARN_INFINITE_RECURSION = YES;
				CLANG_WARN_INT_CONVERSION = YES;
				CLANG_WARN_NON_LITERAL_NULL_CONVERSION = YES;
				CLANG_WARN_OBJC_IMPLICIT_RETAIN_SELF = YES;
				CLANG_WARN_OBJC_LITERAL_CONVERSION = YES;
				CLANG_WARN_OBJC_ROOT_CLASS = YES_ERROR;
				CLANG_WARN_QUOTED_INCLUDE_IN_FRAMEWORK_HEADER = YES;
				CLANG_WARN_RANGE_LOOP_ANALYSIS = YES;
				CLANG_WARN_STRICT_PROTOTYPES = YES;
				CLANG_WARN_SUSPICIOUS_MOVE = YES;
				CLANG_WARN_UNGUARDED_AVAILABILITY = YES_AGGRESSIVE;
				CLANG_WARN_UNREACHABLE_CODE = YES;
				CLANG_WARN__DUPLICATE_METHOD_MATCH = YES;
				COPY_PHASE_STRIP = NO;
				DEBUG_INFORMATION_FORMAT = "dwarf-with-dsym";
				ENABLE_NS_ASSERTIONS = NO;
				ENABLE_STRICT_OBJC_MSGSEND = YES;
				ENABLE_USER_SCRIPT_SANDBOXING = YES;
				GCC_C_LANGUAGE_STANDARD = gnu17;
				GCC_NO_COMMON_BLOCKS = YES;
				GCC_WARN_64_TO_32_BIT_CONVERSION = YES;
				GCC_WARN_ABOUT_RETURN_TYPE = YES_ERROR;
				GCC_WARN_UNDECLARED_SELECTOR = YES;
				GCC_WARN_UNINITIALIZED_AUTOS = YES_AGGRESSIVE;
				GCC_WARN_UNUSED_FUNCTION = YES;
				GCC_WARN_UNUSED_VARIABLE = YES;
				MACOSX_DEPLOYMENT_TARGET = 15.0;
				MTL_ENABLE_DEBUG_INFO = NO;
				MTL_FAST_MATH = YES;
				SDKROOT = macosx;
				SWIFT_COMPILATION_MODE = wholemodule;
			};
			name = Release;
		};
		H100000003 /* Debug */ = {
			isa = XCBuildConfiguration;
			buildSettings = {
				ASSETCATALOG_COMPILER_APPICON_NAME = AppIcon;
				ASSETCATALOG_COMPILER_GLOBAL_ACCENT_COLOR_NAME = AccentColor;
				CODE_SIGN_ENTITLEMENTS = ZebraRedact/ZebraRedact.entitlements;
				CODE_SIGN_IDENTITY = "-";
				CODE_SIGN_STYLE = Manual;
				COMBINE_HIDPI_IMAGES = YES;
				CURRENT_PROJECT_VERSION = 1;
				DEVELOPMENT_TEAM = "";
				ENABLE_HARDENED_RUNTIME = NO;
				GENERATE_INFOPLIST_FILE = NO;
				INFOPLIST_FILE = ZebraRedact/Info.plist;
				INFOPLIST_KEY_LSApplicationCategoryType = "public.app-category.utilities";
				INFOPLIST_KEY_NSHumanReadableCopyright = "Copyright © 2025 ZebraRedact. All rights reserved.";
				LD_RUNPATH_SEARCH_PATHS = (
					"$(inherited)",
					"@executable_path/../Frameworks",
				);
				MARKETING_VERSION = 1.0.0;
				PRODUCT_BUNDLE_IDENTIFIER = com.ghostclip.app;
				PRODUCT_NAME = "$(TARGET_NAME)";
				PROVISIONING_PROFILE_SPECIFIER = "";
				SWIFT_EMIT_LOC_STRINGS = YES;
				SWIFT_VERSION = 5.0;
			};
			name = Debug;
		};
		H100000004 /* Release */ = {
			isa = XCBuildConfiguration;
			buildSettings = {
				ASSETCATALOG_COMPILER_APPICON_NAME = AppIcon;
				ASSETCATALOG_COMPILER_GLOBAL_ACCENT_COLOR_NAME = AccentColor;
				CODE_SIGN_ENTITLEMENTS = ZebraRedact/ZebraRedact.entitlements;
				CODE_SIGN_IDENTITY = "-";
				CODE_SIGN_STYLE = Manual;
				COMBINE_HIDPI_IMAGES = YES;
				CURRENT_PROJECT_VERSION = 1;
				DEVELOPMENT_TEAM = "";
				ENABLE_HARDENED_RUNTIME = NO;
				GENERATE_INFOPLIST_FILE = NO;
				INFOPLIST_FILE = ZebraRedact/Info.plist;
				INFOPLIST_KEY_LSApplicationCategoryType = "public.app-category.utilities";
				INFOPLIST_KEY_NSHumanReadableCopyright = "Copyright © 2025 ZebraRedact. All rights reserved.";
				LD_RUNPATH_SEARCH_PATHS = (
					"$(inherited)",
					"@executable_path/../Frameworks",
				);
				MARKETING_VERSION = 1.0.0;
				PRODUCT_BUNDLE_IDENTIFIER = com.ghostclip.app;
				PRODUCT_NAME = "$(TARGET_NAME)";
				PROVISIONING_PROFILE_SPECIFIER = "";
				SWIFT_EMIT_LOC_STRINGS = YES;
				SWIFT_VERSION = 5.0;
			};
			name = Release;
		};
/* End XCBuildConfiguration section */

/* Begin XCConfigurationList section */
		G100000001 /* Build configuration list for PBXProject "ZebraRedact" */ = {
			isa = XCConfigurationList;
			buildConfigurations = (
				H100000001 /* Debug */,
				H100000002 /* Release */,
			);
			defaultConfigurationIsVisible = 0;
			defaultConfigurationName = Release;
		};
		G100000002 /* Build configuration list for PBXNativeTarget "ZebraRedact" */ = {
			isa = XCConfigurationList;
			buildConfigurations = (
				H100000003 /* Debug */,
				H100000004 /* Release */,
			);
			defaultConfigurationIsVisible = 0;
			defaultConfigurationName = Release;
		};
/* End XCConfigurationList section */
	};
	rootObject = F100000010 /* Project object */;
}
